// !$*UTF8*$!
{
	archiveVersion = 1;
	classes = {
	};
	objectVersion = 50;
	objects = {

/* Begin PBXBuildFile section */
		00FFDFE44CC906A7F13DE1A0 /* libPods-LQTBaseProjectTests.a in Frameworks */ = {isa = PBXBuildFile; fileRef = 9D514662C8F00E2B2EBEEA3F /* libPods-LQTBaseProjectTests.a */; };
		3020B99621BE01400046F1A9 /* UIWindow+JXSafeArea.m in Sources */ = {isa = PBXBuildFile; fileRef = 3020B99521BE01400046F1A9 /* UIWindow+JXSafeArea.m */; };
		3020B99A21BE80340046F1A9 /* LQTRequestCenter.m in Sources */ = {isa = PBXBuildFile; fileRef = 3020B99921BE80330046F1A9 /* LQTRequestCenter.m */; };
		3020B9A021BF492C0046F1A9 /* LQTContentModel.m in Sources */ = {isa = PBXBuildFile; fileRef = 3020B99F21BF492C0046F1A9 /* LQTContentModel.m */; };
		3020B9BC21C2548D0046F1A9 /* LQTContentTableViewCell.m in Sources */ = {isa = PBXBuildFile; fileRef = 3020B9BA21C2548D0046F1A9 /* LQTContentTableViewCell.m */; };
		3020B9BD21C2548D0046F1A9 /* LQTContentTableViewCell.xib in Resources */ = {isa = PBXBuildFile; fileRef = 3020B9BB21C2548D0046F1A9 /* LQTContentTableViewCell.xib */; };
		3020B9C021C378030046F1A9 /* LQTImageCollectionView.m in Sources */ = {isa = PBXBuildFile; fileRef = 3020B9BF21C378030046F1A9 /* LQTImageCollectionView.m */; };
		3038445921B68B1400B6E914 /* LQTFirstViewController.m in Sources */ = {isa = PBXBuildFile; fileRef = 3038445821B68B1400B6E914 /* LQTFirstViewController.m */; };
		3038445C21B68B2500B6E914 /* LQTSecondViewController.m in Sources */ = {isa = PBXBuildFile; fileRef = 3038445B21B68B2500B6E914 /* LQTSecondViewController.m */; };
		305A8B5221D604E900924537 /* MyCustomView.m in Sources */ = {isa = PBXBuildFile; fileRef = 305A8B5121D604E900924537 /* MyCustomView.m */; };
		305A8B5621D6129600924537 /* LQTViewController.m in Sources */ = {isa = PBXBuildFile; fileRef = 305A8B5521D6129600924537 /* LQTViewController.m */; };
		306561C921914204006BCBC9 /* AppDelegate.m in Sources */ = {isa = PBXBuildFile; fileRef = 306561C821914204006BCBC9 /* AppDelegate.m */; };
		306561CC21914204006BCBC9 /* ViewController.m in Sources */ = {isa = PBXBuildFile; fileRef = 306561CB21914204006BCBC9 /* ViewController.m */; };
		306561CF21914204006BCBC9 /* Main.storyboard in Resources */ = {isa = PBXBuildFile; fileRef = 306561CD21914204006BCBC9 /* Main.storyboard */; };
		306561D12191420B006BCBC9 /* Assets.xcassets in Resources */ = {isa = PBXBuildFile; fileRef = 306561D02191420B006BCBC9 /* Assets.xcassets */; };
		306561D42191420C006BCBC9 /* LaunchScreen.storyboard in Resources */ = {isa = PBXBuildFile; fileRef = 306561D22191420C006BCBC9 /* LaunchScreen.storyboard */; };
		306561D72191420C006BCBC9 /* main.m in Sources */ = {isa = PBXBuildFile; fileRef = 306561D62191420C006BCBC9 /* main.m */; };
		306561E12191420D006BCBC9 /* LQTBaseProjectTests.m in Sources */ = {isa = PBXBuildFile; fileRef = 306561E02191420D006BCBC9 /* LQTBaseProjectTests.m */; };
		306561EC2191420D006BCBC9 /* LQTBaseProjectUITests.m in Sources */ = {isa = PBXBuildFile; fileRef = 306561EB2191420D006BCBC9 /* LQTBaseProjectUITests.m */; };
		30971B3821A7A934005044DF /* NSArray+WT.m in Sources */ = {isa = PBXBuildFile; fileRef = 30971B1221A7A934005044DF /* NSArray+WT.m */; };
		30971B3921A7A934005044DF /* NSDate+WT.m in Sources */ = {isa = PBXBuildFile; fileRef = 30971B1421A7A934005044DF /* NSDate+WT.m */; };
		30971B3A21A7A934005044DF /* NSString+WT.m in Sources */ = {isa = PBXBuildFile; fileRef = 30971B1621A7A934005044DF /* NSString+WT.m */; };
		30971B3B21A7A934005044DF /* NSTimer+WT.m in Sources */ = {isa = PBXBuildFile; fileRef = 30971B1821A7A934005044DF /* NSTimer+WT.m */; };
		30971B3C21A7A934005044DF /* CALayer+WT.m in Sources */ = {isa = PBXBuildFile; fileRef = 30971B1B21A7A934005044DF /* CALayer+WT.m */; };
		30971B3D21A7A934005044DF /* Checkmark_failure_white@2x.png in Resources */ = {isa = PBXBuildFile; fileRef = 30971B1C21A7A934005044DF /* Checkmark_failure_white@2x.png */; };
		30971B3E21A7A934005044DF /* Checkmark_success_white@2x.png in Resources */ = {isa = PBXBuildFile; fileRef = 30971B1D21A7A934005044DF /* Checkmark_success_white@2x.png */; };
		30971B3F21A7A934005044DF /* UIBarButtonItem+WT.m in Sources */ = {isa = PBXBuildFile; fileRef = 30971B1F21A7A934005044DF /* UIBarButtonItem+WT.m */; };
		30971B4021A7A934005044DF /* UIButton+WT.m in Sources */ = {isa = PBXBuildFile; fileRef = 30971B2121A7A934005044DF /* UIButton+WT.m */; };
		30971B4121A7A934005044DF /* UIImage+WT.m in Sources */ = {isa = PBXBuildFile; fileRef = 30971B2321A7A934005044DF /* UIImage+WT.m */; };
		30971B4221A7A934005044DF /* UILabel+WT.m in Sources */ = {isa = PBXBuildFile; fileRef = 30971B2521A7A934005044DF /* UILabel+WT.m */; };
		30971B4321A7A934005044DF /* UITextView+WT.m in Sources */ = {isa = PBXBuildFile; fileRef = 30971B2721A7A934005044DF /* UITextView+WT.m */; };
		30971B4421A7A934005044DF /* UIView+WT.m in Sources */ = {isa = PBXBuildFile; fileRef = 30971B2921A7A934005044DF /* UIView+WT.m */; };
		30971B4521A7A934005044DF /* UIViewController+WT.m in Sources */ = {isa = PBXBuildFile; fileRef = 30971B2B21A7A934005044DF /* UIViewController+WT.m */; };
		30971B4621A7A934005044DF /* WTUtility.m in Sources */ = {isa = PBXBuildFile; fileRef = 30971B3021A7A934005044DF /* WTUtility.m */; };
		30971B4721A7A934005044DF /* WTLabel.m in Sources */ = {isa = PBXBuildFile; fileRef = 30971B3321A7A934005044DF /* WTLabel.m */; };
		30971B4821A7A934005044DF /* WTTextField.m in Sources */ = {isa = PBXBuildFile; fileRef = 30971B3521A7A934005044DF /* WTTextField.m */; };
		30971B4921A7A934005044DF /* WTTextView.m in Sources */ = {isa = PBXBuildFile; fileRef = 30971B3721A7A934005044DF /* WTTextView.m */; };
		309AA41221CC925200E78D43 /* LQTSelfLoadModule.m in Sources */ = {isa = PBXBuildFile; fileRef = 309AA41121CC925200E78D43 /* LQTSelfLoadModule.m */; };
		309AA41521CC95EC00E78D43 /* LQTMainTableViewController.m in Sources */ = {isa = PBXBuildFile; fileRef = 309AA41421CC95EC00E78D43 /* LQTMainTableViewController.m */; };
		309AA41D21D21BDE00E78D43 /* JGGView.m in Sources */ = {isa = PBXBuildFile; fileRef = 309AA41C21D21BDE00E78D43 /* JGGView.m */; };
		309AA42021D21BF300E78D43 /* ViewController.m in Sources */ = {isa = PBXBuildFile; fileRef = 309AA41F21D21BF300E78D43 /* ViewController.m */; };
		309AA42321D21C0900E78D43 /* JGGViewController.m in Sources */ = {isa = PBXBuildFile; fileRef = 309AA42221D21C0800E78D43 /* JGGViewController.m */; };
		309C4E1F21B6582B00108CFB /* LQTTabBarController.m in Sources */ = {isa = PBXBuildFile; fileRef = 309C4E1E21B6582B00108CFB /* LQTTabBarController.m */; };
		309C4E2E21B67D2800108CFB /* LQTBaseViewController.m in Sources */ = {isa = PBXBuildFile; fileRef = 309C4E2D21B67D2800108CFB /* LQTBaseViewController.m */; };
		30AF268221C14C510095DB6D /* LQTHomeModel.m in Sources */ = {isa = PBXBuildFile; fileRef = 30AF268121C14C510095DB6D /* LQTHomeModel.m */; };
		30F1027E21B778BC003CE4CD /* File in Resources */ = {isa = PBXBuildFile; fileRef = 30F1027D21B778BC003CE4CD /* File */; };
		30F1028121B778D9003CE4CD /* File in Resources */ = {isa = PBXBuildFile; fileRef = 30F1028021B778D9003CE4CD /* File */; };
		30F1028421B779E4003CE4CD /* UIViewController+Swizzle.m in Sources */ = {isa = PBXBuildFile; fileRef = 30F1028321B779E4003CE4CD /* UIViewController+Swizzle.m */; };
		30F1028721B7B50F003CE4CD /* LQTBaseNavigationViewController.m in Sources */ = {isa = PBXBuildFile; fileRef = 30F1028621B7B50F003CE4CD /* LQTBaseNavigationViewController.m */; };
		30F1028A21B7E620003CE4CD /* LQTBaseTableViewController.m in Sources */ = {isa = PBXBuildFile; fileRef = 30F1028921B7E620003CE4CD /* LQTBaseTableViewController.m */; };
		30F1028F21B7F1AD003CE4CD /* LQTContentTableViewController.m in Sources */ = {isa = PBXBuildFile; fileRef = 30F1028E21B7F1AD003CE4CD /* LQTContentTableViewController.m */; };
		84C54CAC2B86615E8D02655C /* libPods-LQTBaseProjectUITests.a in Frameworks */ = {isa = PBXBuildFile; fileRef = 82714B1DF5AC5D33855D0C6D /* libPods-LQTBaseProjectUITests.a */; };
		FB47057D1F4D18CF32248F9C /* libPods-LQTBaseProject.a in Frameworks */ = {isa = PBXBuildFile; fileRef = 9D4D04B0852F8896D5BC845F /* libPods-LQTBaseProject.a */; };
/* End PBXBuildFile section */

/* Begin PBXContainerItemProxy section */
		306561DD2191420D006BCBC9 /* PBXContainerItemProxy */ = {
			isa = PBXContainerItemProxy;
			containerPortal = 306561BC21914204006BCBC9 /* Project object */;
			proxyType = 1;
			remoteGlobalIDString = 306561C321914204006BCBC9;
			remoteInfo = LQTBaseProject;
		};
		306561E82191420D006BCBC9 /* PBXContainerItemProxy */ = {
			isa = PBXContainerItemProxy;
			containerPortal = 306561BC21914204006BCBC9 /* Project object */;
			proxyType = 1;
			remoteGlobalIDString = 306561C321914204006BCBC9;
			remoteInfo = LQTBaseProject;
		};
/* End PBXContainerItemProxy section */

/* Begin PBXFileReference section */
		3020B99421BE013F0046F1A9 /* UIWindow+JXSafeArea.h */ = {isa = PBXFileReference; fileEncoding = 4; lastKnownFileType = sourcecode.c.h; path = "UIWindow+JXSafeArea.h"; sourceTree = "<group>"; };
		3020B99521BE01400046F1A9 /* UIWindow+JXSafeArea.m */ = {isa = PBXFileReference; fileEncoding = 4; lastKnownFileType = sourcecode.c.objc; path = "UIWindow+JXSafeArea.m"; sourceTree = "<group>"; };
		3020B99821BE80330046F1A9 /* LQTRequestCenter.h */ = {isa = PBXFileReference; lastKnownFileType = sourcecode.c.h; path = LQTRequestCenter.h; sourceTree = "<group>"; };
		3020B99921BE80330046F1A9 /* LQTRequestCenter.m */ = {isa = PBXFileReference; lastKnownFileType = sourcecode.c.objc; path = LQTRequestCenter.m; sourceTree = "<group>"; };
		3020B99E21BF492C0046F1A9 /* LQTContentModel.h */ = {isa = PBXFileReference; lastKnownFileType = sourcecode.c.h; path = LQTContentModel.h; sourceTree = "<group>"; };
		3020B99F21BF492C0046F1A9 /* LQTContentModel.m */ = {isa = PBXFileReference; lastKnownFileType = sourcecode.c.objc; path = LQTContentModel.m; sourceTree = "<group>"; };
		3020B9B921C2548D0046F1A9 /* LQTContentTableViewCell.h */ = {isa = PBXFileReference; lastKnownFileType = sourcecode.c.h; path = LQTContentTableViewCell.h; sourceTree = "<group>"; };
		3020B9BA21C2548D0046F1A9 /* LQTContentTableViewCell.m */ = {isa = PBXFileReference; lastKnownFileType = sourcecode.c.objc; path = LQTContentTableViewCell.m; sourceTree = "<group>"; };
		3020B9BB21C2548D0046F1A9 /* LQTContentTableViewCell.xib */ = {isa = PBXFileReference; lastKnownFileType = file.xib; path = LQTContentTableViewCell.xib; sourceTree = "<group>"; };
		3020B9BE21C378030046F1A9 /* LQTImageCollectionView.h */ = {isa = PBXFileReference; lastKnownFileType = sourcecode.c.h; path = LQTImageCollectionView.h; sourceTree = "<group>"; };
		3020B9BF21C378030046F1A9 /* LQTImageCollectionView.m */ = {isa = PBXFileReference; lastKnownFileType = sourcecode.c.objc; path = LQTImageCollectionView.m; sourceTree = "<group>"; };
		3038445721B68B1400B6E914 /* LQTFirstViewController.h */ = {isa = PBXFileReference; lastKnownFileType = sourcecode.c.h; path = LQTFirstViewController.h; sourceTree = "<group>"; };
		3038445821B68B1400B6E914 /* LQTFirstViewController.m */ = {isa = PBXFileReference; lastKnownFileType = sourcecode.c.objc; path = LQTFirstViewController.m; sourceTree = "<group>"; };
		3038445A21B68B2500B6E914 /* LQTSecondViewController.h */ = {isa = PBXFileReference; lastKnownFileType = sourcecode.c.h; path = LQTSecondViewController.h; sourceTree = "<group>"; };
		3038445B21B68B2500B6E914 /* LQTSecondViewController.m */ = {isa = PBXFileReference; lastKnownFileType = sourcecode.c.objc; path = LQTSecondViewController.m; sourceTree = "<group>"; };
		305A8B5021D604E900924537 /* MyCustomView.h */ = {isa = PBXFileReference; fileEncoding = 4; lastKnownFileType = sourcecode.c.h; path = MyCustomView.h; sourceTree = "<group>"; };
		305A8B5121D604E900924537 /* MyCustomView.m */ = {isa = PBXFileReference; fileEncoding = 4; lastKnownFileType = sourcecode.c.objc; path = MyCustomView.m; sourceTree = "<group>"; };
		305A8B5421D6129600924537 /* LQTViewController.h */ = {isa = PBXFileReference; lastKnownFileType = sourcecode.c.h; path = LQTViewController.h; sourceTree = "<group>"; };
		305A8B5521D6129600924537 /* LQTViewController.m */ = {isa = PBXFileReference; lastKnownFileType = sourcecode.c.objc; path = LQTViewController.m; sourceTree = "<group>"; };
		306561C421914204006BCBC9 /* LQTBaseProject.app */ = {isa = PBXFileReference; explicitFileType = wrapper.application; includeInIndex = 0; path = LQTBaseProject.app; sourceTree = BUILT_PRODUCTS_DIR; };
		306561C721914204006BCBC9 /* AppDelegate.h */ = {isa = PBXFileReference; lastKnownFileType = sourcecode.c.h; path = AppDelegate.h; sourceTree = "<group>"; };
		306561C821914204006BCBC9 /* AppDelegate.m */ = {isa = PBXFileReference; lastKnownFileType = sourcecode.c.objc; path = AppDelegate.m; sourceTree = "<group>"; };
		306561CA21914204006BCBC9 /* ViewController.h */ = {isa = PBXFileReference; lastKnownFileType = sourcecode.c.h; path = ViewController.h; sourceTree = "<group>"; };
		306561CB21914204006BCBC9 /* ViewController.m */ = {isa = PBXFileReference; lastKnownFileType = sourcecode.c.objc; path = ViewController.m; sourceTree = "<group>"; };
		306561CE21914204006BCBC9 /* Base */ = {isa = PBXFileReference; lastKnownFileType = file.storyboard; name = Base; path = Base.lproj/Main.storyboard; sourceTree = "<group>"; };
		306561D02191420B006BCBC9 /* Assets.xcassets */ = {isa = PBXFileReference; lastKnownFileType = folder.assetcatalog; path = Assets.xcassets; sourceTree = "<group>"; };
		306561D32191420C006BCBC9 /* Base */ = {isa = PBXFileReference; lastKnownFileType = file.storyboard; name = Base; path = Base.lproj/LaunchScreen.storyboard; sourceTree = "<group>"; };
		306561D52191420C006BCBC9 /* Info.plist */ = {isa = PBXFileReference; lastKnownFileType = text.plist.xml; path = Info.plist; sourceTree = "<group>"; };
		306561D62191420C006BCBC9 /* main.m */ = {isa = PBXFileReference; lastKnownFileType = sourcecode.c.objc; path = main.m; sourceTree = "<group>"; };
		306561DC2191420D006BCBC9 /* LQTBaseProjectTests.xctest */ = {isa = PBXFileReference; explicitFileType = wrapper.cfbundle; includeInIndex = 0; path = LQTBaseProjectTests.xctest; sourceTree = BUILT_PRODUCTS_DIR; };
		306561E02191420D006BCBC9 /* LQTBaseProjectTests.m */ = {isa = PBXFileReference; lastKnownFileType = sourcecode.c.objc; path = LQTBaseProjectTests.m; sourceTree = "<group>"; };
		306561E22191420D006BCBC9 /* Info.plist */ = {isa = PBXFileReference; lastKnownFileType = text.plist.xml; path = Info.plist; sourceTree = "<group>"; };
		306561E72191420D006BCBC9 /* LQTBaseProjectUITests.xctest */ = {isa = PBXFileReference; explicitFileType = wrapper.cfbundle; includeInIndex = 0; path = LQTBaseProjectUITests.xctest; sourceTree = BUILT_PRODUCTS_DIR; };
		306561EB2191420D006BCBC9 /* LQTBaseProjectUITests.m */ = {isa = PBXFileReference; lastKnownFileType = sourcecode.c.objc; path = LQTBaseProjectUITests.m; sourceTree = "<group>"; };
		306561ED2191420D006BCBC9 /* Info.plist */ = {isa = PBXFileReference; lastKnownFileType = text.plist.xml; path = Info.plist; sourceTree = "<group>"; };
		30971B1121A7A934005044DF /* NSArray+WT.h */ = {isa = PBXFileReference; fileEncoding = 4; lastKnownFileType = sourcecode.c.h; path = "NSArray+WT.h"; sourceTree = "<group>"; };
		30971B1221A7A934005044DF /* NSArray+WT.m */ = {isa = PBXFileReference; fileEncoding = 4; lastKnownFileType = sourcecode.c.objc; path = "NSArray+WT.m"; sourceTree = "<group>"; };
		30971B1321A7A934005044DF /* NSDate+WT.h */ = {isa = PBXFileReference; fileEncoding = 4; lastKnownFileType = sourcecode.c.h; path = "NSDate+WT.h"; sourceTree = "<group>"; };
		30971B1421A7A934005044DF /* NSDate+WT.m */ = {isa = PBXFileReference; fileEncoding = 4; lastKnownFileType = sourcecode.c.objc; path = "NSDate+WT.m"; sourceTree = "<group>"; };
		30971B1521A7A934005044DF /* NSString+WT.h */ = {isa = PBXFileReference; fileEncoding = 4; lastKnownFileType = sourcecode.c.h; path = "NSString+WT.h"; sourceTree = "<group>"; };
		30971B1621A7A934005044DF /* NSString+WT.m */ = {isa = PBXFileReference; fileEncoding = 4; lastKnownFileType = sourcecode.c.objc; path = "NSString+WT.m"; sourceTree = "<group>"; };
		30971B1721A7A934005044DF /* NSTimer+WT.h */ = {isa = PBXFileReference; fileEncoding = 4; lastKnownFileType = sourcecode.c.h; path = "NSTimer+WT.h"; sourceTree = "<group>"; };
		30971B1821A7A934005044DF /* NSTimer+WT.m */ = {isa = PBXFileReference; fileEncoding = 4; lastKnownFileType = sourcecode.c.objc; path = "NSTimer+WT.m"; sourceTree = "<group>"; };
		30971B1A21A7A934005044DF /* CALayer+WT.h */ = {isa = PBXFileReference; fileEncoding = 4; lastKnownFileType = sourcecode.c.h; path = "CALayer+WT.h"; sourceTree = "<group>"; };
		30971B1B21A7A934005044DF /* CALayer+WT.m */ = {isa = PBXFileReference; fileEncoding = 4; lastKnownFileType = sourcecode.c.objc; path = "CALayer+WT.m"; sourceTree = "<group>"; };
		30971B1C21A7A934005044DF /* Checkmark_failure_white@2x.png */ = {isa = PBXFileReference; lastKnownFileType = image.png; path = "Checkmark_failure_white@2x.png"; sourceTree = "<group>"; };
		30971B1D21A7A934005044DF /* Checkmark_success_white@2x.png */ = {isa = PBXFileReference; lastKnownFileType = image.png; path = "Checkmark_success_white@2x.png"; sourceTree = "<group>"; };
		30971B1E21A7A934005044DF /* UIBarButtonItem+WT.h */ = {isa = PBXFileReference; fileEncoding = 4; lastKnownFileType = sourcecode.c.h; path = "UIBarButtonItem+WT.h"; sourceTree = "<group>"; };
		30971B1F21A7A934005044DF /* UIBarButtonItem+WT.m */ = {isa = PBXFileReference; fileEncoding = 4; lastKnownFileType = sourcecode.c.objc; path = "UIBarButtonItem+WT.m"; sourceTree = "<group>"; };
		30971B2021A7A934005044DF /* UIButton+WT.h */ = {isa = PBXFileReference; fileEncoding = 4; lastKnownFileType = sourcecode.c.h; path = "UIButton+WT.h"; sourceTree = "<group>"; };
		30971B2121A7A934005044DF /* UIButton+WT.m */ = {isa = PBXFileReference; fileEncoding = 4; lastKnownFileType = sourcecode.c.objc; path = "UIButton+WT.m"; sourceTree = "<group>"; };
		30971B2221A7A934005044DF /* UIImage+WT.h */ = {isa = PBXFileReference; fileEncoding = 4; lastKnownFileType = sourcecode.c.h; path = "UIImage+WT.h"; sourceTree = "<group>"; };
		30971B2321A7A934005044DF /* UIImage+WT.m */ = {isa = PBXFileReference; fileEncoding = 4; lastKnownFileType = sourcecode.c.objc; path = "UIImage+WT.m"; sourceTree = "<group>"; };
		30971B2421A7A934005044DF /* UILabel+WT.h */ = {isa = PBXFileReference; fileEncoding = 4; lastKnownFileType = sourcecode.c.h; path = "UILabel+WT.h"; sourceTree = "<group>"; };
		30971B2521A7A934005044DF /* UILabel+WT.m */ = {isa = PBXFileReference; fileEncoding = 4; lastKnownFileType = sourcecode.c.objc; path = "UILabel+WT.m"; sourceTree = "<group>"; };
		30971B2621A7A934005044DF /* UITextView+WT.h */ = {isa = PBXFileReference; fileEncoding = 4; lastKnownFileType = sourcecode.c.h; path = "UITextView+WT.h"; sourceTree = "<group>"; };
		30971B2721A7A934005044DF /* UITextView+WT.m */ = {isa = PBXFileReference; fileEncoding = 4; lastKnownFileType = sourcecode.c.objc; path = "UITextView+WT.m"; sourceTree = "<group>"; };
		30971B2821A7A934005044DF /* UIView+WT.h */ = {isa = PBXFileReference; fileEncoding = 4; lastKnownFileType = sourcecode.c.h; path = "UIView+WT.h"; sourceTree = "<group>"; };
		30971B2921A7A934005044DF /* UIView+WT.m */ = {isa = PBXFileReference; fileEncoding = 4; lastKnownFileType = sourcecode.c.objc; path = "UIView+WT.m"; sourceTree = "<group>"; };
		30971B2A21A7A934005044DF /* UIViewController+WT.h */ = {isa = PBXFileReference; fileEncoding = 4; lastKnownFileType = sourcecode.c.h; path = "UIViewController+WT.h"; sourceTree = "<group>"; };
		30971B2B21A7A934005044DF /* UIViewController+WT.m */ = {isa = PBXFileReference; fileEncoding = 4; lastKnownFileType = sourcecode.c.objc; path = "UIViewController+WT.m"; sourceTree = "<group>"; };
		30971B2D21A7A934005044DF /* Singleton.h */ = {isa = PBXFileReference; fileEncoding = 4; lastKnownFileType = sourcecode.c.h; path = Singleton.h; sourceTree = "<group>"; };
		30971B2E21A7A934005044DF /* WTConst.h */ = {isa = PBXFileReference; fileEncoding = 4; lastKnownFileType = sourcecode.c.h; path = WTConst.h; sourceTree = "<group>"; };
		30971B2F21A7A934005044DF /* WTUtility.h */ = {isa = PBXFileReference; fileEncoding = 4; lastKnownFileType = sourcecode.c.h; path = WTUtility.h; sourceTree = "<group>"; };
		30971B3021A7A934005044DF /* WTUtility.m */ = {isa = PBXFileReference; fileEncoding = 4; lastKnownFileType = sourcecode.c.objc; path = WTUtility.m; sourceTree = "<group>"; };
		30971B3221A7A934005044DF /* WTLabel.h */ = {isa = PBXFileReference; fileEncoding = 4; lastKnownFileType = sourcecode.c.h; path = WTLabel.h; sourceTree = "<group>"; };
		30971B3321A7A934005044DF /* WTLabel.m */ = {isa = PBXFileReference; fileEncoding = 4; lastKnownFileType = sourcecode.c.objc; path = WTLabel.m; sourceTree = "<group>"; };
		30971B3421A7A934005044DF /* WTTextField.h */ = {isa = PBXFileReference; fileEncoding = 4; lastKnownFileType = sourcecode.c.h; path = WTTextField.h; sourceTree = "<group>"; };
		30971B3521A7A934005044DF /* WTTextField.m */ = {isa = PBXFileReference; fileEncoding = 4; lastKnownFileType = sourcecode.c.objc; path = WTTextField.m; sourceTree = "<group>"; };
		30971B3621A7A934005044DF /* WTTextView.h */ = {isa = PBXFileReference; fileEncoding = 4; lastKnownFileType = sourcecode.c.h; path = WTTextView.h; sourceTree = "<group>"; };
		30971B3721A7A934005044DF /* WTTextView.m */ = {isa = PBXFileReference; fileEncoding = 4; lastKnownFileType = sourcecode.c.objc; path = WTTextView.m; sourceTree = "<group>"; };
		309AA41021CC925200E78D43 /* LQTSelfLoadModule.h */ = {isa = PBXFileReference; lastKnownFileType = sourcecode.c.h; path = LQTSelfLoadModule.h; sourceTree = "<group>"; };
		309AA41121CC925200E78D43 /* LQTSelfLoadModule.m */ = {isa = PBXFileReference; lastKnownFileType = sourcecode.c.objc; path = LQTSelfLoadModule.m; sourceTree = "<group>"; };
		309AA41321CC95EC00E78D43 /* LQTMainTableViewController.h */ = {isa = PBXFileReference; lastKnownFileType = sourcecode.c.h; path = LQTMainTableViewController.h; sourceTree = "<group>"; };
		309AA41421CC95EC00E78D43 /* LQTMainTableViewController.m */ = {isa = PBXFileReference; lastKnownFileType = sourcecode.c.objc; path = LQTMainTableViewController.m; sourceTree = "<group>"; };
		309AA41B21D21BDE00E78D43 /* JGGView.h */ = {isa = PBXFileReference; fileEncoding = 4; lastKnownFileType = sourcecode.c.h; path = JGGView.h; sourceTree = "<group>"; };
		309AA41C21D21BDE00E78D43 /* JGGView.m */ = {isa = PBXFileReference; fileEncoding = 4; lastKnownFileType = sourcecode.c.objc; path = JGGView.m; sourceTree = "<group>"; };
		309AA41E21D21BF200E78D43 /* ViewController.h */ = {isa = PBXFileReference; fileEncoding = 4; lastKnownFileType = sourcecode.c.h; path = ViewController.h; sourceTree = "<group>"; };
		309AA41F21D21BF300E78D43 /* ViewController.m */ = {isa = PBXFileReference; fileEncoding = 4; lastKnownFileType = sourcecode.c.objc; path = ViewController.m; sourceTree = "<group>"; };
		309AA42121D21C0800E78D43 /* JGGViewController.h */ = {isa = PBXFileReference; fileEncoding = 4; lastKnownFileType = sourcecode.c.h; path = JGGViewController.h; sourceTree = "<group>"; };
		309AA42221D21C0800E78D43 /* JGGViewController.m */ = {isa = PBXFileReference; fileEncoding = 4; lastKnownFileType = sourcecode.c.objc; path = JGGViewController.m; sourceTree = "<group>"; };
		309C4E1D21B6582B00108CFB /* LQTTabBarController.h */ = {isa = PBXFileReference; lastKnownFileType = sourcecode.c.h; path = LQTTabBarController.h; sourceTree = "<group>"; };
		309C4E1E21B6582B00108CFB /* LQTTabBarController.m */ = {isa = PBXFileReference; lastKnownFileType = sourcecode.c.objc; path = LQTTabBarController.m; sourceTree = "<group>"; };
		309C4E2C21B67D2800108CFB /* LQTBaseViewController.h */ = {isa = PBXFileReference; lastKnownFileType = sourcecode.c.h; path = LQTBaseViewController.h; sourceTree = "<group>"; };
		309C4E2D21B67D2800108CFB /* LQTBaseViewController.m */ = {isa = PBXFileReference; lastKnownFileType = sourcecode.c.objc; path = LQTBaseViewController.m; sourceTree = "<group>"; };
		30AF268021C14C510095DB6D /* LQTHomeModel.h */ = {isa = PBXFileReference; lastKnownFileType = sourcecode.c.h; path = LQTHomeModel.h; sourceTree = "<group>"; };
		30AF268121C14C510095DB6D /* LQTHomeModel.m */ = {isa = PBXFileReference; lastKnownFileType = sourcecode.c.objc; path = LQTHomeModel.m; sourceTree = "<group>"; };
		30F1027D21B778BC003CE4CD /* File */ = {isa = PBXFileReference; lastKnownFileType = text; path = File; sourceTree = "<group>"; };
		30F1028021B778D9003CE4CD /* File */ = {isa = PBXFileReference; lastKnownFileType = text; path = File; sourceTree = "<group>"; };
		30F1028221B779E4003CE4CD /* UIViewController+Swizzle.h */ = {isa = PBXFileReference; lastKnownFileType = sourcecode.c.h; path = "UIViewController+Swizzle.h"; sourceTree = "<group>"; };
		30F1028321B779E4003CE4CD /* UIViewController+Swizzle.m */ = {isa = PBXFileReference; lastKnownFileType = sourcecode.c.objc; path = "UIViewController+Swizzle.m"; sourceTree = "<group>"; };
		30F1028521B7B50F003CE4CD /* LQTBaseNavigationViewController.h */ = {isa = PBXFileReference; lastKnownFileType = sourcecode.c.h; path = LQTBaseNavigationViewController.h; sourceTree = "<group>"; };
		30F1028621B7B50F003CE4CD /* LQTBaseNavigationViewController.m */ = {isa = PBXFileReference; lastKnownFileType = sourcecode.c.objc; path = LQTBaseNavigationViewController.m; sourceTree = "<group>"; };
		30F1028821B7E620003CE4CD /* LQTBaseTableViewController.h */ = {isa = PBXFileReference; lastKnownFileType = sourcecode.c.h; path = LQTBaseTableViewController.h; sourceTree = "<group>"; };
		30F1028921B7E620003CE4CD /* LQTBaseTableViewController.m */ = {isa = PBXFileReference; lastKnownFileType = sourcecode.c.objc; path = LQTBaseTableViewController.m; sourceTree = "<group>"; };
		30F1028D21B7F1AD003CE4CD /* LQTContentTableViewController.h */ = {isa = PBXFileReference; lastKnownFileType = sourcecode.c.h; path = LQTContentTableViewController.h; sourceTree = "<group>"; };
		30F1028E21B7F1AD003CE4CD /* LQTContentTableViewController.m */ = {isa = PBXFileReference; lastKnownFileType = sourcecode.c.objc; path = LQTContentTableViewController.m; sourceTree = "<group>"; };
		61A3970D92568295CCE1AA37 /* Pods-LQTBaseProjectUITests.release.xcconfig */ = {isa = PBXFileReference; includeInIndex = 1; lastKnownFileType = text.xcconfig; name = "Pods-LQTBaseProjectUITests.release.xcconfig"; path = "Pods/Target Support Files/Pods-LQTBaseProjectUITests/Pods-LQTBaseProjectUITests.release.xcconfig"; sourceTree = "<group>"; };
		675A6C423BC79123030132E6 /* Pods-LQTBaseProjectUITests.debug.xcconfig */ = {isa = PBXFileReference; includeInIndex = 1; lastKnownFileType = text.xcconfig; name = "Pods-LQTBaseProjectUITests.debug.xcconfig"; path = "Pods/Target Support Files/Pods-LQTBaseProjectUITests/Pods-LQTBaseProjectUITests.debug.xcconfig"; sourceTree = "<group>"; };
		6AD604D13BEE09DF378BDA69 /* Pods-LQTBaseProject.release.xcconfig */ = {isa = PBXFileReference; includeInIndex = 1; lastKnownFileType = text.xcconfig; name = "Pods-LQTBaseProject.release.xcconfig"; path = "Pods/Target Support Files/Pods-LQTBaseProject/Pods-LQTBaseProject.release.xcconfig"; sourceTree = "<group>"; };
		7E0C064FBAD2FC8786FD6D79 /* Pods-LQTBaseProject.debug.xcconfig */ = {isa = PBXFileReference; includeInIndex = 1; lastKnownFileType = text.xcconfig; name = "Pods-LQTBaseProject.debug.xcconfig"; path = "Pods/Target Support Files/Pods-LQTBaseProject/Pods-LQTBaseProject.debug.xcconfig"; sourceTree = "<group>"; };
		82714B1DF5AC5D33855D0C6D /* libPods-LQTBaseProjectUITests.a */ = {isa = PBXFileReference; explicitFileType = archive.ar; includeInIndex = 0; path = "libPods-LQTBaseProjectUITests.a"; sourceTree = BUILT_PRODUCTS_DIR; };
		9CF22CF5F0832FCE17F48459 /* Pods-LQTBaseProjectTests.debug.xcconfig */ = {isa = PBXFileReference; includeInIndex = 1; lastKnownFileType = text.xcconfig; name = "Pods-LQTBaseProjectTests.debug.xcconfig"; path = "Pods/Target Support Files/Pods-LQTBaseProjectTests/Pods-LQTBaseProjectTests.debug.xcconfig"; sourceTree = "<group>"; };
		9D4D04B0852F8896D5BC845F /* libPods-LQTBaseProject.a */ = {isa = PBXFileReference; explicitFileType = archive.ar; includeInIndex = 0; path = "libPods-LQTBaseProject.a"; sourceTree = BUILT_PRODUCTS_DIR; };
		9D514662C8F00E2B2EBEEA3F /* libPods-LQTBaseProjectTests.a */ = {isa = PBXFileReference; explicitFileType = archive.ar; includeInIndex = 0; path = "libPods-LQTBaseProjectTests.a"; sourceTree = BUILT_PRODUCTS_DIR; };
		FD12D3F55BF51E731CA95C0D /* Pods-LQTBaseProjectTests.release.xcconfig */ = {isa = PBXFileReference; includeInIndex = 1; lastKnownFileType = text.xcconfig; name = "Pods-LQTBaseProjectTests.release.xcconfig"; path = "Pods/Target Support Files/Pods-LQTBaseProjectTests/Pods-LQTBaseProjectTests.release.xcconfig"; sourceTree = "<group>"; };
/* End PBXFileReference section */

/* Begin PBXFrameworksBuildPhase section */
		306561C121914204006BCBC9 /* Frameworks */ = {
			isa = PBXFrameworksBuildPhase;
			buildActionMask = 2147483647;
			files = (
				FB47057D1F4D18CF32248F9C /* libPods-LQTBaseProject.a in Frameworks */,
			);
			runOnlyForDeploymentPostprocessing = 0;
		};
		306561D92191420D006BCBC9 /* Frameworks */ = {
			isa = PBXFrameworksBuildPhase;
			buildActionMask = 2147483647;
			files = (
				00FFDFE44CC906A7F13DE1A0 /* libPods-LQTBaseProjectTests.a in Frameworks */,
			);
			runOnlyForDeploymentPostprocessing = 0;
		};
		306561E42191420D006BCBC9 /* Frameworks */ = {
			isa = PBXFrameworksBuildPhase;
			buildActionMask = 2147483647;
			files = (
				84C54CAC2B86615E8D02655C /* libPods-LQTBaseProjectUITests.a in Frameworks */,
			);
			runOnlyForDeploymentPostprocessing = 0;
		};
/* End PBXFrameworksBuildPhase section */

/* Begin PBXGroup section */
		0ACFFD230D6B86E84227389D /* Pods */ = {
			isa = PBXGroup;
			children = (
				7E0C064FBAD2FC8786FD6D79 /* Pods-LQTBaseProject.debug.xcconfig */,
				6AD604D13BEE09DF378BDA69 /* Pods-LQTBaseProject.release.xcconfig */,
				9CF22CF5F0832FCE17F48459 /* Pods-LQTBaseProjectTests.debug.xcconfig */,
				FD12D3F55BF51E731CA95C0D /* Pods-LQTBaseProjectTests.release.xcconfig */,
				675A6C423BC79123030132E6 /* Pods-LQTBaseProjectUITests.debug.xcconfig */,
				61A3970D92568295CCE1AA37 /* Pods-LQTBaseProjectUITests.release.xcconfig */,
			);
			name = Pods;
			sourceTree = "<group>";
		};
		300176AE21A2699600BFAF97 /* Utils */ = {
			isa = PBXGroup;
			children = (
				3020B99421BE013F0046F1A9 /* UIWindow+JXSafeArea.h */,
				3020B99521BE01400046F1A9 /* UIWindow+JXSafeArea.m */,
			);
			path = Utils;
			sourceTree = "<group>";
		};
		3020B99721BE80080046F1A9 /* NetWork */ = {
			isa = PBXGroup;
			children = (
				3020B99821BE80330046F1A9 /* LQTRequestCenter.h */,
				3020B99921BE80330046F1A9 /* LQTRequestCenter.m */,
			);
			path = NetWork;
			sourceTree = "<group>";
		};
		3020B99B21BF48CB0046F1A9 /* ViewController */ = {
			isa = PBXGroup;
			children = (
				305A8B5321D6119600924537 /* masonry设置view圆角失效解决方法 */,
				309AA41A21D21B9A00E78D43 /* 九宫格 */,
				3038445721B68B1400B6E914 /* LQTFirstViewController.h */,
				3038445821B68B1400B6E914 /* LQTFirstViewController.m */,
				309AA41E21D21BF200E78D43 /* ViewController.h */,
				309AA41F21D21BF300E78D43 /* ViewController.m */,
				3038445A21B68B2500B6E914 /* LQTSecondViewController.h */,
				3038445B21B68B2500B6E914 /* LQTSecondViewController.m */,
				30F1028C21B7F16A003CE4CD /* ContentVC */,
			);
			path = ViewController;
			sourceTree = "<group>";
		};
		3020B99C21BF48E00046F1A9 /* Model */ = {
			isa = PBXGroup;
			children = (
				3020B99E21BF492C0046F1A9 /* LQTContentModel.h */,
				3020B99F21BF492C0046F1A9 /* LQTContentModel.m */,
				30AF268021C14C510095DB6D /* LQTHomeModel.h */,
				30AF268121C14C510095DB6D /* LQTHomeModel.m */,
			);
			path = Model;
			sourceTree = "<group>";
		};
		3020B99D21BF48E90046F1A9 /* View */ = {
			isa = PBXGroup;
			children = (
				305A8B4F21D604B000924537 /* IB_DESIGNABLE与IBInspectable的使用 */,
				3020B9B921C2548D0046F1A9 /* LQTContentTableViewCell.h */,
				3020B9BA21C2548D0046F1A9 /* LQTContentTableViewCell.m */,
				3020B9BB21C2548D0046F1A9 /* LQTContentTableViewCell.xib */,
				3020B9BE21C378030046F1A9 /* LQTImageCollectionView.h */,
				3020B9BF21C378030046F1A9 /* LQTImageCollectionView.m */,
			);
			path = View;
			sourceTree = "<group>";
		};
		305A8B4F21D604B000924537 /* IB_DESIGNABLE与IBInspectable的使用 */ = {
			isa = PBXGroup;
			children = (
				305A8B5021D604E900924537 /* MyCustomView.h */,
				305A8B5121D604E900924537 /* MyCustomView.m */,
			);
			path = "IB_DESIGNABLE与IBInspectable的使用";
			sourceTree = "<group>";
		};
		305A8B5321D6119600924537 /* masonry设置view圆角失效解决方法 */ = {
			isa = PBXGroup;
			children = (
				305A8B5421D6129600924537 /* LQTViewController.h */,
				305A8B5521D6129600924537 /* LQTViewController.m */,
			);
			path = "masonry设置view圆角失效解决方法";
			sourceTree = "<group>";
		};
		306561BB21914204006BCBC9 = {
			isa = PBXGroup;
			children = (
				306561C621914204006BCBC9 /* LQTBaseProject */,
				306561DF2191420D006BCBC9 /* LQTBaseProjectTests */,
				306561EA2191420D006BCBC9 /* LQTBaseProjectUITests */,
				306561C521914204006BCBC9 /* Products */,
				0ACFFD230D6B86E84227389D /* Pods */,
				69A39C1B5F9EC409D3158550 /* Frameworks */,
			);
			sourceTree = "<group>";
		};
		306561C521914204006BCBC9 /* Products */ = {
			isa = PBXGroup;
			children = (
				306561C421914204006BCBC9 /* LQTBaseProject.app */,
				306561DC2191420D006BCBC9 /* LQTBaseProjectTests.xctest */,
				306561E72191420D006BCBC9 /* LQTBaseProjectUITests.xctest */,
			);
			name = Products;
			sourceTree = "<group>";
		};
		306561C621914204006BCBC9 /* LQTBaseProject */ = {
			isa = PBXGroup;
			children = (
				309AA40F21CC922400E78D43 /* Module */,
				30971B4A21A7AA60005044DF /* Class */,
				30971B0921A79BB7005044DF /* Vender */,
				306561FA2191625D006BCBC9 /* Category */,
				300176AE21A2699600BFAF97 /* Utils */,
				306561F921916007006BCBC9 /* Base */,
				306561C721914204006BCBC9 /* AppDelegate.h */,
				306561C821914204006BCBC9 /* AppDelegate.m */,
				306561CA21914204006BCBC9 /* ViewController.h */,
				306561CB21914204006BCBC9 /* ViewController.m */,
				306561CD21914204006BCBC9 /* Main.storyboard */,
				306561D02191420B006BCBC9 /* Assets.xcassets */,
				306561D22191420C006BCBC9 /* LaunchScreen.storyboard */,
				306561D52191420C006BCBC9 /* Info.plist */,
				306561D62191420C006BCBC9 /* main.m */,
			);
			path = LQTBaseProject;
			sourceTree = "<group>";
		};
		306561DF2191420D006BCBC9 /* LQTBaseProjectTests */ = {
			isa = PBXGroup;
			children = (
				306561E02191420D006BCBC9 /* LQTBaseProjectTests.m */,
				306561E22191420D006BCBC9 /* Info.plist */,
			);
			path = LQTBaseProjectTests;
			sourceTree = "<group>";
		};
		306561EA2191420D006BCBC9 /* LQTBaseProjectUITests */ = {
			isa = PBXGroup;
			children = (
				306561EB2191420D006BCBC9 /* LQTBaseProjectUITests.m */,
				306561ED2191420D006BCBC9 /* Info.plist */,
			);
			path = LQTBaseProjectUITests;
			sourceTree = "<group>";
		};
		306561F921916007006BCBC9 /* Base */ = {
			isa = PBXGroup;
			children = (
				3020B99721BE80080046F1A9 /* NetWork */,
				30F1027F21B778CA003CE4CD /* Model */,
				30F1027C21B77595003CE4CD /* View */,
				309C4E1C21B656F100108CFB /* ViewController */,
			);
			path = Base;
			sourceTree = "<group>";
		};
		306561FA2191625D006BCBC9 /* Category */ = {
			isa = PBXGroup;
			children = (
				30971B0E21A7A934005044DF /* WTSDK */,
			);
			path = Category;
			sourceTree = "<group>";
		};
		30971B0921A79BB7005044DF /* Vender */ = {
			isa = PBXGroup;
			children = (
			);
			path = Vender;
			sourceTree = "<group>";
		};
		30971B0E21A7A934005044DF /* WTSDK */ = {
			isa = PBXGroup;
			children = (
				30971B0F21A7A934005044DF /* Category */,
				30971B2C21A7A934005044DF /* Tool */,
				30971B3121A7A934005044DF /* View */,
			);
			path = WTSDK;
			sourceTree = "<group>";
		};
		30971B0F21A7A934005044DF /* Category */ = {
			isa = PBXGroup;
			children = (
				30971B1021A7A934005044DF /* NS */,
				30971B1921A7A934005044DF /* UI */,
			);
			path = Category;
			sourceTree = "<group>";
		};
		30971B1021A7A934005044DF /* NS */ = {
			isa = PBXGroup;
			children = (
				30971B1121A7A934005044DF /* NSArray+WT.h */,
				30971B1221A7A934005044DF /* NSArray+WT.m */,
				30971B1321A7A934005044DF /* NSDate+WT.h */,
				30971B1421A7A934005044DF /* NSDate+WT.m */,
				30971B1521A7A934005044DF /* NSString+WT.h */,
				30971B1621A7A934005044DF /* NSString+WT.m */,
				30971B1721A7A934005044DF /* NSTimer+WT.h */,
				30971B1821A7A934005044DF /* NSTimer+WT.m */,
			);
			path = NS;
			sourceTree = "<group>";
		};
		30971B1921A7A934005044DF /* UI */ = {
			isa = PBXGroup;
			children = (
				30971B1A21A7A934005044DF /* CALayer+WT.h */,
				30971B1B21A7A934005044DF /* CALayer+WT.m */,
				30971B1C21A7A934005044DF /* Checkmark_failure_white@2x.png */,
				30971B1D21A7A934005044DF /* Checkmark_success_white@2x.png */,
				30971B1E21A7A934005044DF /* UIBarButtonItem+WT.h */,
				30971B1F21A7A934005044DF /* UIBarButtonItem+WT.m */,
				30971B2021A7A934005044DF /* UIButton+WT.h */,
				30971B2121A7A934005044DF /* UIButton+WT.m */,
				30971B2221A7A934005044DF /* UIImage+WT.h */,
				30971B2321A7A934005044DF /* UIImage+WT.m */,
				30971B2421A7A934005044DF /* UILabel+WT.h */,
				30971B2521A7A934005044DF /* UILabel+WT.m */,
				30971B2621A7A934005044DF /* UITextView+WT.h */,
				30971B2721A7A934005044DF /* UITextView+WT.m */,
				30971B2821A7A934005044DF /* UIView+WT.h */,
				30971B2921A7A934005044DF /* UIView+WT.m */,
				30971B2A21A7A934005044DF /* UIViewController+WT.h */,
				30971B2B21A7A934005044DF /* UIViewController+WT.m */,
			);
			path = UI;
			sourceTree = "<group>";
		};
		30971B2C21A7A934005044DF /* Tool */ = {
			isa = PBXGroup;
			children = (
				30971B2D21A7A934005044DF /* Singleton.h */,
				30971B2E21A7A934005044DF /* WTConst.h */,
				30971B2F21A7A934005044DF /* WTUtility.h */,
				30971B3021A7A934005044DF /* WTUtility.m */,
			);
			path = Tool;
			sourceTree = "<group>";
		};
		30971B3121A7A934005044DF /* View */ = {
			isa = PBXGroup;
			children = (
				30971B3221A7A934005044DF /* WTLabel.h */,
				30971B3321A7A934005044DF /* WTLabel.m */,
				30971B3421A7A934005044DF /* WTTextField.h */,
				30971B3521A7A934005044DF /* WTTextField.m */,
				30971B3621A7A934005044DF /* WTTextView.h */,
				30971B3721A7A934005044DF /* WTTextView.m */,
			);
			path = View;
			sourceTree = "<group>";
		};
		30971B4A21A7AA60005044DF /* Class */ = {
			isa = PBXGroup;
			children = (
				3020B99D21BF48E90046F1A9 /* View */,
				3020B99C21BF48E00046F1A9 /* Model */,
				3020B99B21BF48CB0046F1A9 /* ViewController */,
			);
			path = Class;
			sourceTree = "<group>";
		};
		309AA40F21CC922400E78D43 /* Module */ = {
			isa = PBXGroup;
			children = (
				309AA41021CC925200E78D43 /* LQTSelfLoadModule.h */,
				309AA41121CC925200E78D43 /* LQTSelfLoadModule.m */,
			);
			path = Module;
			sourceTree = "<group>";
		};
		309AA41A21D21B9A00E78D43 /* 九宫格 */ = {
			isa = PBXGroup;
			children = (
				309AA42121D21C0800E78D43 /* JGGViewController.h */,
				309AA42221D21C0800E78D43 /* JGGViewController.m */,
				309AA41B21D21BDE00E78D43 /* JGGView.h */,
				309AA41C21D21BDE00E78D43 /* JGGView.m */,
			);
			path = "九宫格";
			sourceTree = "<group>";
		};
		309C4E1C21B656F100108CFB /* ViewController */ = {
			isa = PBXGroup;
			children = (
				309C4E1D21B6582B00108CFB /* LQTTabBarController.h */,
				309C4E1E21B6582B00108CFB /* LQTTabBarController.m */,
				309C4E2C21B67D2800108CFB /* LQTBaseViewController.h */,
				309C4E2D21B67D2800108CFB /* LQTBaseViewController.m */,
				30F1028221B779E4003CE4CD /* UIViewController+Swizzle.h */,
				30F1028321B779E4003CE4CD /* UIViewController+Swizzle.m */,
				30F1028521B7B50F003CE4CD /* LQTBaseNavigationViewController.h */,
				30F1028621B7B50F003CE4CD /* LQTBaseNavigationViewController.m */,
				30F1028821B7E620003CE4CD /* LQTBaseTableViewController.h */,
				30F1028921B7E620003CE4CD /* LQTBaseTableViewController.m */,
			);
			path = ViewController;
			sourceTree = "<group>";
		};
		30F1027C21B77595003CE4CD /* View */ = {
			isa = PBXGroup;
			children = (
				30F1027D21B778BC003CE4CD /* File */,
			);
			path = View;
			sourceTree = "<group>";
		};
		30F1027F21B778CA003CE4CD /* Model */ = {
			isa = PBXGroup;
			children = (
				30F1028021B778D9003CE4CD /* File */,
			);
			path = Model;
			sourceTree = "<group>";
		};
		30F1028C21B7F16A003CE4CD /* ContentVC */ = {
			isa = PBXGroup;
			children = (
				309AA41321CC95EC00E78D43 /* LQTMainTableViewController.h */,
				309AA41421CC95EC00E78D43 /* LQTMainTableViewController.m */,
				30F1028D21B7F1AD003CE4CD /* LQTContentTableViewController.h */,
				30F1028E21B7F1AD003CE4CD /* LQTContentTableViewController.m */,
			);
			path = ContentVC;
			sourceTree = "<group>";
		};
		69A39C1B5F9EC409D3158550 /* Frameworks */ = {
			isa = PBXGroup;
			children = (
				9D4D04B0852F8896D5BC845F /* libPods-LQTBaseProject.a */,
				9D514662C8F00E2B2EBEEA3F /* libPods-LQTBaseProjectTests.a */,
				82714B1DF5AC5D33855D0C6D /* libPods-LQTBaseProjectUITests.a */,
			);
			name = Frameworks;
			sourceTree = "<group>";
		};
/* End PBXGroup section */

/* Begin PBXNativeTarget section */
		306561C321914204006BCBC9 /* LQTBaseProject */ = {
			isa = PBXNativeTarget;
			buildConfigurationList = 306561F02191420D006BCBC9 /* Build configuration list for PBXNativeTarget "LQTBaseProject" */;
			buildPhases = (
				4CA1611575898DDCFF9E5F4A /* [CP] Check Pods Manifest.lock */,
				306561C021914204006BCBC9 /* Sources */,
				306561C121914204006BCBC9 /* Frameworks */,
				306561C221914204006BCBC9 /* Resources */,
				F1C0714BB3488D97C7A4A983 /* [CP] Copy Pods Resources */,
			);
			buildRules = (
			);
			dependencies = (
			);
			name = LQTBaseProject;
			productName = LQTBaseProject;
			productReference = 306561C421914204006BCBC9 /* LQTBaseProject.app */;
			productType = "com.apple.product-type.application";
		};
		306561DB2191420D006BCBC9 /* LQTBaseProjectTests */ = {
			isa = PBXNativeTarget;
			buildConfigurationList = 306561F32191420D006BCBC9 /* Build configuration list for PBXNativeTarget "LQTBaseProjectTests" */;
			buildPhases = (
				5D97C177F380A116DD3AF2EF /* [CP] Check Pods Manifest.lock */,
				306561D82191420D006BCBC9 /* Sources */,
				306561D92191420D006BCBC9 /* Frameworks */,
				306561DA2191420D006BCBC9 /* Resources */,
			);
			buildRules = (
			);
			dependencies = (
				306561DE2191420D006BCBC9 /* PBXTargetDependency */,
			);
			name = LQTBaseProjectTests;
			productName = LQTBaseProjectTests;
			productReference = 306561DC2191420D006BCBC9 /* LQTBaseProjectTests.xctest */;
			productType = "com.apple.product-type.bundle.unit-test";
		};
		306561E62191420D006BCBC9 /* LQTBaseProjectUITests */ = {
			isa = PBXNativeTarget;
			buildConfigurationList = 306561F62191420D006BCBC9 /* Build configuration list for PBXNativeTarget "LQTBaseProjectUITests" */;
			buildPhases = (
				E87EB450908E58B9B9FBEBA1 /* [CP] Check Pods Manifest.lock */,
				306561E32191420D006BCBC9 /* Sources */,
				306561E42191420D006BCBC9 /* Frameworks */,
				306561E52191420D006BCBC9 /* Resources */,
			);
			buildRules = (
			);
			dependencies = (
				306561E92191420D006BCBC9 /* PBXTargetDependency */,
			);
			name = LQTBaseProjectUITests;
			productName = LQTBaseProjectUITests;
			productReference = 306561E72191420D006BCBC9 /* LQTBaseProjectUITests.xctest */;
			productType = "com.apple.product-type.bundle.ui-testing";
		};
/* End PBXNativeTarget section */

/* Begin PBXProject section */
		306561BC21914204006BCBC9 /* Project object */ = {
			isa = PBXProject;
			attributes = {
				CLASSPREFIX = LQT;
				LastUpgradeCheck = 1000;
				ORGANIZATIONNAME = MyDemo;
				TargetAttributes = {
					306561C321914204006BCBC9 = {
						CreatedOnToolsVersion = 10.0;
					};
					306561DB2191420D006BCBC9 = {
						CreatedOnToolsVersion = 10.0;
						TestTargetID = 306561C321914204006BCBC9;
					};
					306561E62191420D006BCBC9 = {
						CreatedOnToolsVersion = 10.0;
						TestTargetID = 306561C321914204006BCBC9;
					};
				};
			};
			buildConfigurationList = 306561BF21914204006BCBC9 /* Build configuration list for PBXProject "LQTBaseProject" */;
			compatibilityVersion = "Xcode 9.3";
			developmentRegion = en;
			hasScannedForEncodings = 0;
			knownRegions = (
				en,
				Base,
			);
			mainGroup = 306561BB21914204006BCBC9;
			productRefGroup = 306561C521914204006BCBC9 /* Products */;
			projectDirPath = "";
			projectRoot = "";
			targets = (
				306561C321914204006BCBC9 /* LQTBaseProject */,
				306561DB2191420D006BCBC9 /* LQTBaseProjectTests */,
				306561E62191420D006BCBC9 /* LQTBaseProjectUITests */,
			);
		};
/* End PBXProject section */

/* Begin PBXResourcesBuildPhase section */
		306561C221914204006BCBC9 /* Resources */ = {
			isa = PBXResourcesBuildPhase;
			buildActionMask = 2147483647;
			files = (
				30971B3E21A7A934005044DF /* Checkmark_success_white@2x.png in Resources */,
				306561D42191420C006BCBC9 /* LaunchScreen.storyboard in Resources */,
				30F1028121B778D9003CE4CD /* File in Resources */,
				3020B9BD21C2548D0046F1A9 /* LQTContentTableViewCell.xib in Resources */,
				30F1027E21B778BC003CE4CD /* File in Resources */,
				306561D12191420B006BCBC9 /* Assets.xcassets in Resources */,
				306561CF21914204006BCBC9 /* Main.storyboard in Resources */,
				30971B3D21A7A934005044DF /* Checkmark_failure_white@2x.png in Resources */,
			);
			runOnlyForDeploymentPostprocessing = 0;
		};
		306561DA2191420D006BCBC9 /* Resources */ = {
			isa = PBXResourcesBuildPhase;
			buildActionMask = 2147483647;
			files = (
			);
			runOnlyForDeploymentPostprocessing = 0;
		};
		306561E52191420D006BCBC9 /* Resources */ = {
			isa = PBXResourcesBuildPhase;
			buildActionMask = 2147483647;
			files = (
			);
			runOnlyForDeploymentPostprocessing = 0;
		};
/* End PBXResourcesBuildPhase section */

/* Begin PBXShellScriptBuildPhase section */
		4CA1611575898DDCFF9E5F4A /* [CP] Check Pods Manifest.lock */ = {
			isa = PBXShellScriptBuildPhase;
			buildActionMask = 2147483647;
			files = (
			);
			inputPaths = (
				"${PODS_PODFILE_DIR_PATH}/Podfile.lock",
				"${PODS_ROOT}/Manifest.lock",
			);
			name = "[CP] Check Pods Manifest.lock";
			outputPaths = (
				"$(DERIVED_FILE_DIR)/Pods-LQTBaseProject-checkManifestLockResult.txt",
			);
			runOnlyForDeploymentPostprocessing = 0;
			shellPath = /bin/sh;
			shellScript = "diff \"${PODS_PODFILE_DIR_PATH}/Podfile.lock\" \"${PODS_ROOT}/Manifest.lock\" > /dev/null\nif [ $? != 0 ] ; then\n    # print error to STDERR\n    echo \"error: The sandbox is not in sync with the Podfile.lock. Run 'pod install' or update your CocoaPods installation.\" >&2\n    exit 1\nfi\n# This output is used by Xcode 'outputs' to avoid re-running this script phase.\necho \"SUCCESS\" > \"${SCRIPT_OUTPUT_FILE_0}\"\n";
			showEnvVarsInLog = 0;
		};
		5D97C177F380A116DD3AF2EF /* [CP] Check Pods Manifest.lock */ = {
			isa = PBXShellScriptBuildPhase;
			buildActionMask = 2147483647;
			files = (
			);
			inputPaths = (
				"${PODS_PODFILE_DIR_PATH}/Podfile.lock",
				"${PODS_ROOT}/Manifest.lock",
			);
			name = "[CP] Check Pods Manifest.lock";
			outputPaths = (
				"$(DERIVED_FILE_DIR)/Pods-LQTBaseProjectTests-checkManifestLockResult.txt",
			);
			runOnlyForDeploymentPostprocessing = 0;
			shellPath = /bin/sh;
			shellScript = "diff \"${PODS_PODFILE_DIR_PATH}/Podfile.lock\" \"${PODS_ROOT}/Manifest.lock\" > /dev/null\nif [ $? != 0 ] ; then\n    # print error to STDERR\n    echo \"error: The sandbox is not in sync with the Podfile.lock. Run 'pod install' or update your CocoaPods installation.\" >&2\n    exit 1\nfi\n# This output is used by Xcode 'outputs' to avoid re-running this script phase.\necho \"SUCCESS\" > \"${SCRIPT_OUTPUT_FILE_0}\"\n";
			showEnvVarsInLog = 0;
		};
		E87EB450908E58B9B9FBEBA1 /* [CP] Check Pods Manifest.lock */ = {
			isa = PBXShellScriptBuildPhase;
			buildActionMask = 2147483647;
			files = (
			);
			inputPaths = (
				"${PODS_PODFILE_DIR_PATH}/Podfile.lock",
				"${PODS_ROOT}/Manifest.lock",
			);
			name = "[CP] Check Pods Manifest.lock";
			outputPaths = (
				"$(DERIVED_FILE_DIR)/Pods-LQTBaseProjectUITests-checkManifestLockResult.txt",
			);
			runOnlyForDeploymentPostprocessing = 0;
			shellPath = /bin/sh;
			shellScript = "diff \"${PODS_PODFILE_DIR_PATH}/Podfile.lock\" \"${PODS_ROOT}/Manifest.lock\" > /dev/null\nif [ $? != 0 ] ; then\n    # print error to STDERR\n    echo \"error: The sandbox is not in sync with the Podfile.lock. Run 'pod install' or update your CocoaPods installation.\" >&2\n    exit 1\nfi\n# This output is used by Xcode 'outputs' to avoid re-running this script phase.\necho \"SUCCESS\" > \"${SCRIPT_OUTPUT_FILE_0}\"\n";
			showEnvVarsInLog = 0;
		};
		F1C0714BB3488D97C7A4A983 /* [CP] Copy Pods Resources */ = {
			isa = PBXShellScriptBuildPhase;
			buildActionMask = 2147483647;
			files = (
			);
			inputFileListPaths = (
			);
			inputPaths = (
				"${PODS_ROOT}/Target Support Files/Pods-LQTBaseProject/Pods-LQTBaseProject-resources.sh",
				"${PODS_ROOT}/MJRefresh/MJRefresh/MJRefresh.bundle",
			);
			name = "[CP] Copy Pods Resources";
			outputFileListPaths = (
			);
			outputPaths = (
				"${TARGET_BUILD_DIR}/${UNLOCALIZED_RESOURCES_FOLDER_PATH}/MJRefresh.bundle",
			);
			runOnlyForDeploymentPostprocessing = 0;
			shellPath = /bin/sh;
			shellScript = "\"${PODS_ROOT}/Target Support Files/Pods-LQTBaseProject/Pods-LQTBaseProject-resources.sh\"\n";
			showEnvVarsInLog = 0;
		};
/* End PBXShellScriptBuildPhase section */

/* Begin PBXSourcesBuildPhase section */
		306561C021914204006BCBC9 /* Sources */ = {
			isa = PBXSourcesBuildPhase;
			buildActionMask = 2147483647;
			files = (
				3020B9A021BF492C0046F1A9 /* LQTContentModel.m in Sources */,
				30971B4321A7A934005044DF /* UITextView+WT.m in Sources */,
				30971B3821A7A934005044DF /* NSArray+WT.m in Sources */,
				3020B9BC21C2548D0046F1A9 /* LQTContentTableViewCell.m in Sources */,
				30971B3C21A7A934005044DF /* CALayer+WT.m in Sources */,
				3020B9C021C378030046F1A9 /* LQTImageCollectionView.m in Sources */,
				305A8B5621D6129600924537 /* LQTViewController.m in Sources */,
				30971B4521A7A934005044DF /* UIViewController+WT.m in Sources */,
				30971B3921A7A934005044DF /* NSDate+WT.m in Sources */,
				309AA42321D21C0900E78D43 /* JGGViewController.m in Sources */,
				30F1028F21B7F1AD003CE4CD /* LQTContentTableViewController.m in Sources */,
				306561CC21914204006BCBC9 /* ViewController.m in Sources */,
				30971B4021A7A934005044DF /* UIButton+WT.m in Sources */,
				309AA41D21D21BDE00E78D43 /* JGGView.m in Sources */,
				309C4E2E21B67D2800108CFB /* LQTBaseViewController.m in Sources */,
				3038445C21B68B2500B6E914 /* LQTSecondViewController.m in Sources */,
				306561D72191420C006BCBC9 /* main.m in Sources */,
				30F1028421B779E4003CE4CD /* UIViewController+Swizzle.m in Sources */,
				30F1028721B7B50F003CE4CD /* LQTBaseNavigationViewController.m in Sources */,
				30971B3F21A7A934005044DF /* UIBarButtonItem+WT.m in Sources */,
				309AA42021D21BF300E78D43 /* ViewController.m in Sources */,
				3020B99A21BE80340046F1A9 /* LQTRequestCenter.m in Sources */,
				30971B4721A7A934005044DF /* WTLabel.m in Sources */,
				306561C921914204006BCBC9 /* AppDelegate.m in Sources */,
				30971B3A21A7A934005044DF /* NSString+WT.m in Sources */,
				309AA41221CC925200E78D43 /* LQTSelfLoadModule.m in Sources */,
				30AF268221C14C510095DB6D /* LQTHomeModel.m in Sources */,
				309AA41521CC95EC00E78D43 /* LQTMainTableViewController.m in Sources */,
				305A8B5221D604E900924537 /* MyCustomView.m in Sources */,
				30F1028A21B7E620003CE4CD /* LQTBaseTableViewController.m in Sources */,
				30971B4421A7A934005044DF /* UIView+WT.m in Sources */,
				30971B4221A7A934005044DF /* UILabel+WT.m in Sources */,
				30971B4621A7A934005044DF /* WTUtility.m in Sources */,
				30971B4121A7A934005044DF /* UIImage+WT.m in Sources */,
				3038445921B68B1400B6E914 /* LQTFirstViewController.m in Sources */,
				30971B3B21A7A934005044DF /* NSTimer+WT.m in Sources */,
				30971B4921A7A934005044DF /* WTTextView.m in Sources */,
				309C4E1F21B6582B00108CFB /* LQTTabBarController.m in Sources */,
				3020B99621BE01400046F1A9 /* UIWindow+JXSafeArea.m in Sources */,
				30971B4821A7A934005044DF /* WTTextField.m in Sources */,
			);
			runOnlyForDeploymentPostprocessing = 0;
		};
		306561D82191420D006BCBC9 /* Sources */ = {
			isa = PBXSourcesBuildPhase;
			buildActionMask = 2147483647;
			files = (
				306561E12191420D006BCBC9 /* LQTBaseProjectTests.m in Sources */,
			);
			runOnlyForDeploymentPostprocessing = 0;
		};
		306561E32191420D006BCBC9 /* Sources */ = {
			isa = PBXSourcesBuildPhase;
			buildActionMask = 2147483647;
			files = (
				306561EC2191420D006BCBC9 /* LQTBaseProjectUITests.m in Sources */,
			);
			runOnlyForDeploymentPostprocessing = 0;
		};
/* End PBXSourcesBuildPhase section */

/* Begin PBXTargetDependency section */
		306561DE2191420D006BCBC9 /* PBXTargetDependency */ = {
			isa = PBXTargetDependency;
			target = 306561C321914204006BCBC9 /* LQTBaseProject */;
			targetProxy = 306561DD2191420D006BCBC9 /* PBXContainerItemProxy */;
		};
		306561E92191420D006BCBC9 /* PBXTargetDependency */ = {
			isa = PBXTargetDependency;
			target = 306561C321914204006BCBC9 /* LQTBaseProject */;
			targetProxy = 306561E82191420D006BCBC9 /* PBXContainerItemProxy */;
		};
/* End PBXTargetDependency section */

/* Begin PBXVariantGroup section */
		306561CD21914204006BCBC9 /* Main.storyboard */ = {
			isa = PBXVariantGroup;
			children = (
				306561CE21914204006BCBC9 /* Base */,
			);
			name = Main.storyboard;
			sourceTree = "<group>";
		};
		306561D22191420C006BCBC9 /* LaunchScreen.storyboard */ = {
			isa = PBXVariantGroup;
			children = (
				306561D32191420C006BCBC9 /* Base */,
			);
			name = LaunchScreen.storyboard;
			sourceTree = "<group>";
		};
/* End PBXVariantGroup section */

/* Begin XCBuildConfiguration section */
		306561EE2191420D006BCBC9 /* Debug */ = {
			isa = XCBuildConfiguration;
			buildSettings = {
				ALWAYS_SEARCH_USER_PATHS = NO;
				CLANG_ANALYZER_NONNULL = YES;
				CLANG_ANALYZER_NUMBER_OBJECT_CONVERSION = YES_AGGRESSIVE;
				CLANG_CXX_LANGUAGE_STANDARD = "gnu++14";
				CLANG_CXX_LIBRARY = "libc++";
				CLANG_ENABLE_MODULES = YES;
				CLANG_ENABLE_OBJC_ARC = YES;
				CLANG_ENABLE_OBJC_WEAK = YES;
				CLANG_WARN_BLOCK_CAPTURE_AUTORELEASING = YES;
				CLANG_WARN_BOOL_CONVERSION = YES;
				CLANG_WARN_COMMA = YES;
				CLANG_WARN_CONSTANT_CONVERSION = YES;
				CLANG_WARN_DEPRECATED_OBJC_IMPLEMENTATIONS = YES;
				CLANG_WARN_DIRECT_OBJC_ISA_USAGE = YES_ERROR;
				CLANG_WARN_DOCUMENTATION_COMMENTS = YES;
				CLANG_WARN_EMPTY_BODY = YES;
				CLANG_WARN_ENUM_CONVERSION = YES;
				CLANG_WARN_INFINITE_RECURSION = YES;
				CLANG_WARN_INT_CONVERSION = YES;
				CLANG_WARN_NON_LITERAL_NULL_CONVERSION = YES;
				CLANG_WARN_OBJC_IMPLICIT_RETAIN_SELF = YES;
				CLANG_WARN_OBJC_LITERAL_CONVERSION = YES;
				CLANG_WARN_OBJC_ROOT_CLASS = YES_ERROR;
				CLANG_WARN_RANGE_LOOP_ANALYSIS = YES;
				CLANG_WARN_STRICT_PROTOTYPES = YES;
				CLANG_WARN_SUSPICIOUS_MOVE = YES;
				CLANG_WARN_UNGUARDED_AVAILABILITY = YES_AGGRESSIVE;
				CLANG_WARN_UNREACHABLE_CODE = YES;
				CLANG_WARN__DUPLICATE_METHOD_MATCH = YES;
				CODE_SIGN_IDENTITY = "iPhone Developer";
				COPY_PHASE_STRIP = NO;
				DEBUG_INFORMATION_FORMAT = dwarf;
				ENABLE_STRICT_OBJC_MSGSEND = YES;
				ENABLE_TESTABILITY = YES;
				GCC_C_LANGUAGE_STANDARD = gnu11;
				GCC_DYNAMIC_NO_PIC = NO;
				GCC_NO_COMMON_BLOCKS = YES;
				GCC_OPTIMIZATION_LEVEL = 0;
				GCC_PREPROCESSOR_DEFINITIONS = (
					"DEBUG=1",
					"$(inherited)",
				);
				GCC_WARN_64_TO_32_BIT_CONVERSION = YES;
				GCC_WARN_ABOUT_RETURN_TYPE = YES_ERROR;
				GCC_WARN_UNDECLARED_SELECTOR = YES;
				GCC_WARN_UNINITIALIZED_AUTOS = YES_AGGRESSIVE;
				GCC_WARN_UNUSED_FUNCTION = YES;
				GCC_WARN_UNUSED_VARIABLE = YES;
				IPHONEOS_DEPLOYMENT_TARGET = 12.0;
				MTL_ENABLE_DEBUG_INFO = INCLUDE_SOURCE;
				MTL_FAST_MATH = YES;
				ONLY_ACTIVE_ARCH = YES;
				SDKROOT = iphoneos;
			};
			name = Debug;
		};
		306561EF2191420D006BCBC9 /* Release */ = {
			isa = XCBuildConfiguration;
			buildSettings = {
				ALWAYS_SEARCH_USER_PATHS = NO;
				CLANG_ANALYZER_NONNULL = YES;
				CLANG_ANALYZER_NUMBER_OBJECT_CONVERSION = YES_AGGRESSIVE;
				CLANG_CXX_LANGUAGE_STANDARD = "gnu++14";
				CLANG_CXX_LIBRARY = "libc++";
				CLANG_ENABLE_MODULES = YES;
				CLANG_ENABLE_OBJC_ARC = YES;
				CLANG_ENABLE_OBJC_WEAK = YES;
				CLANG_WARN_BLOCK_CAPTURE_AUTORELEASING = YES;
				CLANG_WARN_BOOL_CONVERSION = YES;
				CLANG_WARN_COMMA = YES;
				CLANG_WARN_CONSTANT_CONVERSION = YES;
				CLANG_WARN_DEPRECATED_OBJC_IMPLEMENTATIONS = YES;
				CLANG_WARN_DIRECT_OBJC_ISA_USAGE = YES_ERROR;
				CLANG_WARN_DOCUMENTATION_COMMENTS = YES;
				CLANG_WARN_EMPTY_BODY = YES;
				CLANG_WARN_ENUM_CONVERSION = YES;
				CLANG_WARN_INFINITE_RECURSION = YES;
				CLANG_WARN_INT_CONVERSION = YES;
				CLANG_WARN_NON_LITERAL_NULL_CONVERSION = YES;
				CLANG_WARN_OBJC_IMPLICIT_RETAIN_SELF = YES;
				CLANG_WARN_OBJC_LITERAL_CONVERSION = YES;
				CLANG_WARN_OBJC_ROOT_CLASS = YES_ERROR;
				CLANG_WARN_RANGE_LOOP_ANALYSIS = YES;
				CLANG_WARN_STRICT_PROTOTYPES = YES;
				CLANG_WARN_SUSPICIOUS_MOVE = YES;
				CLANG_WARN_UNGUARDED_AVAILABILITY = YES_AGGRESSIVE;
				CLANG_WARN_UNREACHABLE_CODE = YES;
				CLANG_WARN__DUPLICATE_METHOD_MATCH = YES;
				CODE_SIGN_IDENTITY = "iPhone Developer";
				COPY_PHASE_STRIP = NO;
				DEBUG_INFORMATION_FORMAT = "dwarf-with-dsym";
				ENABLE_NS_ASSERTIONS = NO;
				ENABLE_STRICT_OBJC_MSGSEND = YES;
				GCC_C_LANGUAGE_STANDARD = gnu11;
				GCC_NO_COMMON_BLOCKS = YES;
				GCC_WARN_64_TO_32_BIT_CONVERSION = YES;
				GCC_WARN_ABOUT_RETURN_TYPE = YES_ERROR;
				GCC_WARN_UNDECLARED_SELECTOR = YES;
				GCC_WARN_UNINITIALIZED_AUTOS = YES_AGGRESSIVE;
				GCC_WARN_UNUSED_FUNCTION = YES;
				GCC_WARN_UNUSED_VARIABLE = YES;
				IPHONEOS_DEPLOYMENT_TARGET = 12.0;
				MTL_ENABLE_DEBUG_INFO = NO;
				MTL_FAST_MATH = YES;
				SDKROOT = iphoneos;
				VALIDATE_PRODUCT = YES;
			};
			name = Release;
		};
		306561F12191420D006BCBC9 /* Debug */ = {
			isa = XCBuildConfiguration;
			baseConfigurationReference = 7E0C064FBAD2FC8786FD6D79 /* Pods-LQTBaseProject.debug.xcconfig */;
			buildSettings = {
				ASSETCATALOG_COMPILER_APPICON_NAME = AppIcon;
				CODE_SIGN_STYLE = Automatic;
				DEVELOPMENT_TEAM = MJEC23A2X6;
				INFOPLIST_FILE = LQTBaseProject/Info.plist;
				IPHONEOS_DEPLOYMENT_TARGET = 9.0;
				LD_RUNPATH_SEARCH_PATHS = (
					"$(inherited)",
					"@executable_path/Frameworks",
				);
				PRODUCT_BUNDLE_IDENTIFIER = com.lqt.LQTBaseProject;
				PRODUCT_NAME = "$(TARGET_NAME)";
				TARGETED_DEVICE_FAMILY = 1;
			};
			name = Debug;
		};
		306561F22191420D006BCBC9 /* Release */ = {
			isa = XCBuildConfiguration;
			baseConfigurationReference = 6AD604D13BEE09DF378BDA69 /* Pods-LQTBaseProject.release.xcconfig */;
			buildSettings = {
				ASSETCATALOG_COMPILER_APPICON_NAME = AppIcon;
				CODE_SIGN_STYLE = Automatic;
				DEVELOPMENT_TEAM = MJEC23A2X6;
				INFOPLIST_FILE = LQTBaseProject/Info.plist;
				IPHONEOS_DEPLOYMENT_TARGET = 9.0;
				LD_RUNPATH_SEARCH_PATHS = (
					"$(inherited)",
					"@executable_path/Frameworks",
				);
				PRODUCT_BUNDLE_IDENTIFIER = com.lqt.LQTBaseProject;
				PRODUCT_NAME = "$(TARGET_NAME)";
				TARGETED_DEVICE_FAMILY = 1;
			};
			name = Release;
		};
		306561F42191420D006BCBC9 /* Debug */ = {
			isa = XCBuildConfiguration;
			baseConfigurationReference = 9CF22CF5F0832FCE17F48459 /* Pods-LQTBaseProjectTests.debug.xcconfig */;
			buildSettings = {
				BUNDLE_LOADER = "$(TEST_HOST)";
				CODE_SIGN_STYLE = Automatic;
				DEVELOPMENT_TEAM = MJEC23A2X6;
				INFOPLIST_FILE = LQTBaseProjectTests/Info.plist;
				LD_RUNPATH_SEARCH_PATHS = (
					"$(inherited)",
					"@executable_path/Frameworks",
					"@loader_path/Frameworks",
				);
				PRODUCT_BUNDLE_IDENTIFIER = com.MyDemo.LQTBaseProjectTests;
				PRODUCT_NAME = "$(TARGET_NAME)";
				TARGETED_DEVICE_FAMILY = "1,2";
				TEST_HOST = "$(BUILT_PRODUCTS_DIR)/LQTBaseProject.app/LQTBaseProject";
			};
			name = Debug;
		};
		306561F52191420D006BCBC9 /* Release */ = {
			isa = XCBuildConfiguration;
			baseConfigurationReference = FD12D3F55BF51E731CA95C0D /* Pods-LQTBaseProjectTests.release.xcconfig */;
			buildSettings = {
				BUNDLE_LOADER = "$(TEST_HOST)";
				CODE_SIGN_STYLE = Automatic;
				DEVELOPMENT_TEAM = MJEC23A2X6;
				INFOPLIST_FILE = LQTBaseProjectTests/Info.plist;
				LD_RUNPATH_SEARCH_PATHS = (
					"$(inherited)",
					"@executable_path/Frameworks",
					"@loader_path/Frameworks",
				);
				PRODUCT_BUNDLE_IDENTIFIER = com.MyDemo.LQTBaseProjectTests;
				PRODUCT_NAME = "$(TARGET_NAME)";
				TARGETED_DEVICE_FAMILY = "1,2";
				TEST_HOST = "$(BUILT_PRODUCTS_DIR)/LQTBaseProject.app/LQTBaseProject";
			};
			name = Release;
		};
		306561F72191420D006BCBC9 /* Debug */ = {
			isa = XCBuildConfiguration;
			baseConfigurationReference = 675A6C423BC79123030132E6 /* Pods-LQTBaseProjectUITests.debug.xcconfig */;
			buildSettings = {
				CODE_SIGN_STYLE = Automatic;
				DEVELOPMENT_TEAM = MJEC23A2X6;
				INFOPLIST_FILE = LQTBaseProjectUITests/Info.plist;
				LD_RUNPATH_SEARCH_PATHS = (
					"$(inherited)",
					"@executable_path/Frameworks",
					"@loader_path/Frameworks",
				);
				PRODUCT_BUNDLE_IDENTIFIER = com.MyDemo.LQTBaseProjectUITests;
				PRODUCT_NAME = "$(TARGET_NAME)";
				TARGETED_DEVICE_FAMILY = "1,2";
				TEST_TARGET_NAME = LQTBaseProject;
			};
			name = Debug;
		};
		306561F82191420D006BCBC9 /* Release */ = {
			isa = XCBuildConfiguration;
			baseConfigurationReference = 61A3970D92568295CCE1AA37 /* Pods-LQTBaseProjectUITests.release.xcconfig */;
			buildSettings = {
				CODE_SIGN_STYLE = Automatic;
				DEVELOPMENT_TEAM = MJEC23A2X6;
				INFOPLIST_FILE = LQTBaseProjectUITests/Info.plist;
				LD_RUNPATH_SEARCH_PATHS = (
					"$(inherited)",
					"@executable_path/Frameworks",
					"@loader_path/Frameworks",
				);
				PRODUCT_BUNDLE_IDENTIFIER = com.MyDemo.LQTBaseProjectUITests;
				PRODUCT_NAME = "$(TARGET_NAME)";
				TARGETED_DEVICE_FAMILY = "1,2";
				TEST_TARGET_NAME = LQTBaseProject;
			};
			name = Release;
		};
/* End XCBuildConfiguration section */

/* Begin XCConfigurationList section */
		306561BF21914204006BCBC9 /* Build configuration list for PBXProject "LQTBaseProject" */ = {
			isa = XCConfigurationList;
			buildConfigurations = (
				306561EE2191420D006BCBC9 /* Debug */,
				306561EF2191420D006BCBC9 /* Release */,
			);
			defaultConfigurationIsVisible = 0;
			defaultConfigurationName = Release;
		};
		306561F02191420D006BCBC9 /* Build configuration list for PBXNativeTarget "LQTBaseProject" */ = {
			isa = XCConfigurationList;
			buildConfigurations = (
				306561F12191420D006BCBC9 /* Debug */,
				306561F22191420D006BCBC9 /* Release */,
			);
			defaultConfigurationIsVisible = 0;
			defaultConfigurationName = Release;
		};
		306561F32191420D006BCBC9 /* Build configuration list for PBXNativeTarget "LQTBaseProjectTests" */ = {
			isa = XCConfigurationList;
			buildConfigurations = (
				306561F42191420D006BCBC9 /* Debug */,
				306561F52191420D006BCBC9 /* Release */,
			);
			defaultConfigurationIsVisible = 0;
			defaultConfigurationName = Release;
		};
		306561F62191420D006BCBC9 /* Build configuration list for PBXNativeTarget "LQTBaseProjectUITests" */ = {
			isa = XCConfigurationList;
			buildConfigurations = (
				306561F72191420D006BCBC9 /* Debug */,
				306561F82191420D006BCBC9 /* Release */,
			);
			defaultConfigurationIsVisible = 0;
			defaultConfigurationName = Release;
		};
/* End XCConfigurationList section */
	};
	rootObject = 306561BC21914204006BCBC9 /* Project object */;
}
